
Microsoft Visual Studio Solution File, Format Version 12.00
# Visual Studio 2012
Project("{FAE04EC0-301F-11D3-BF4B-00C04F79EFBC}") = "Domain", "Domain\Domain.csproj", "{EB98BC99-5B0E-40AF-A10C-51214B539D7B}"
EndProject
Project("{2150E333-8FDC-42A3-9474-1A3956D46DE8}") = "5.-Domain", "5.-Domain", "{5A15579D-3EE4-439B-90D9-712AFF07C50C}"
EndProject
Project("{2150E333-8FDC-42A3-9474-1A3956D46DE8}") = "4.-Infraestructure", "4.-Infraestructure", "{943A8B60-D9F8-4FCE-8BC2-8BF02B815B58}"
EndProject
Project("{FAE04EC0-301F-11D3-BF4B-00C04F79EFBC}") = "Infraestructure", "Infraestructure\Infraestructure.csproj", "{45C1C861-8A2E-456E-9436-756DF31BCC2D}"
EndProject
Project("{2150E333-8FDC-42A3-9474-1A3956D46DE8}") = "3.-ServiceWCF", "3.-ServiceWCF", "{AAD2CC15-77D3-4AEC-B087-FA2C64F0F4E3}"
EndProject
Project("{FAE04EC0-301F-11D3-BF4B-00C04F79EFBC}") = "ServiceWCF", "ServiceWCF\ServiceWCF.csproj", "{CEA5C8CE-9E18-4D30-9244-4790E6BBD163}"
EndProject
Project("{2150E333-8FDC-42A3-9474-1A3956D46DE8}") = ".-APPWebMvc", ".-APPWebMvc", "{C242E425-456C-4A76-82BF-8AD460DAF4CF}"
EndProject
Project("{FAE04EC0-301F-11D3-BF4B-00C04F79EFBC}") = "APPWebMvc", "APPWebMvc\APPWebMvc.csproj", "{646361FC-2A67-4FF2-BC2F-BEC23FFC9C61}"
EndProject
Project("{2150E333-8FDC-42A3-9474-1A3956D46DE8}") = "2.-Test", "2.-Test", "{08611CBB-982B-4732-8620-6150BF7121DA}"
EndProject
Project("{FAE04EC0-301F-11D3-BF4B-00C04F79EFBC}") = "UnitaryTest", "UnitaryTest\UnitaryTest.csproj", "{C323F45C-4BE3-457D-9922-7EF3A13063FC}"
EndProject
Project("{FAE04EC0-301F-11D3-BF4B-00C04F79EFBC}") = "IntegrationTest", "IntegrationTest\IntegrationTest.csproj", "{15DFB74D-380B-4FFC-AE28-99D50F46FF0F}"
EndProject
Global
	GlobalSection(SolutionConfigurationPlatforms) = preSolution
		Debug|Any CPU = Debug|Any CPU
		Release|Any CPU = Release|Any CPU
	EndGlobalSection
	GlobalSection(ProjectConfigurationPlatforms) = postSolution
		{EB98BC99-5B0E-40AF-A10C-51214B539D7B}.Debug|Any CPU.ActiveCfg = Debug|Any CPU
		{EB98BC99-5B0E-40AF-A10C-51214B539D7B}.Debug|Any CPU.Build.0 = Debug|Any CPU
		{EB98BC99-5B0E-40AF-A10C-51214B539D7B}.Release|Any CPU.ActiveCfg = Release|Any CPU
		{EB98BC99-5B0E-40AF-A10C-51214B539D7B}.Release|Any CPU.Build.0 = Release|Any CPU
		{45C1C861-8A2E-456E-9436-756DF31BCC2D}.Debug|Any CPU.ActiveCfg = Debug|Any CPU
		{45C1C861-8A2E-456E-9436-756DF31BCC2D}.Debug|Any CPU.Build.0 = Debug|Any CPU
		{45C1C861-8A2E-456E-9436-756DF31BCC2D}.Release|Any CPU.ActiveCfg = Release|Any CPU
		{45C1C861-8A2E-456E-9436-756DF31BCC2D}.Release|Any CPU.Build.0 = Release|Any CPU
		{CEA5C8CE-9E18-4D30-9244-4790E6BBD163}.Debug|Any CPU.ActiveCfg = Debug|Any CPU
		{CEA5C8CE-9E18-4D30-9244-4790E6BBD163}.Debug|Any CPU.Build.0 = Debug|Any CPU
		{CEA5C8CE-9E18-4D30-9244-4790E6BBD163}.Release|Any CPU.ActiveCfg = Release|Any CPU
		{CEA5C8CE-9E18-4D30-9244-4790E6BBD163}.Release|Any CPU.Build.0 = Release|Any CPU
		{646361FC-2A67-4FF2-BC2F-BEC23FFC9C61}.Debug|Any CPU.ActiveCfg = Debug|Any CPU
		{646361FC-2A67-4FF2-BC2F-BEC23FFC9C61}.Debug|Any CPU.Build.0 = Debug|Any CPU
		{646361FC-2A67-4FF2-BC2F-BEC23FFC9C61}.Release|Any CPU.ActiveCfg = Release|Any CPU
		{646361FC-2A67-4FF2-BC2F-BEC23FFC9C61}.Release|Any CPU.Build.0 = Release|Any CPU
		{C323F45C-4BE3-457D-9922-7EF3A13063FC}.Debug|Any CPU.ActiveCfg = Debug|Any CPU
		{C323F45C-4BE3-457D-9922-7EF3A13063FC}.Debug|Any CPU.Build.0 = Debug|Any CPU
		{C323F45C-4BE3-457D-9922-7EF3A13063FC}.Release|Any CPU.ActiveCfg = Release|Any CPU
		{C323F45C-4BE3-457D-9922-7EF3A13063FC}.Release|Any CPU.Build.0 = Release|Any CPU
		{15DFB74D-380B-4FFC-AE28-99D50F46FF0F}.Debug|Any CPU.ActiveCfg = Debug|Any CPU
		{15DFB74D-380B-4FFC-AE28-99D50F46FF0F}.Debug|Any CPU.Build.0 = Debug|Any CPU
		{15DFB74D-380B-4FFC-AE28-99D50F46FF0F}.Release|Any CPU.ActiveCfg = Release|Any CPU
		{15DFB74D-380B-4FFC-AE28-99D50F46FF0F}.Release|Any CPU.Build.0 = Release|Any CPU
	EndGlobalSection
	GlobalSection(SolutionProperties) = preSolution
		HideSolutionNode = FALSE
	EndGlobalSection
	GlobalSection(NestedProjects) = preSolution
		{EB98BC99-5B0E-40AF-A10C-51214B539D7B} = {5A15579D-3EE4-439B-90D9-712AFF07C50C}
		{45C1C861-8A2E-456E-9436-756DF31BCC2D} = {943A8B60-D9F8-4FCE-8BC2-8BF02B815B58}
		{CEA5C8CE-9E18-4D30-9244-4790E6BBD163} = {AAD2CC15-77D3-4AEC-B087-FA2C64F0F4E3}
		{646361FC-2A67-4FF2-BC2F-BEC23FFC9C61} = {C242E425-456C-4A76-82BF-8AD460DAF4CF}
		{C323F45C-4BE3-457D-9922-7EF3A13063FC} = {08611CBB-982B-4732-8620-6150BF7121DA}
		{15DFB74D-380B-4FFC-AE28-99D50F46FF0F} = {08611CBB-982B-4732-8620-6150BF7121DA}
	EndGlobalSection
EndGlobal
